
Microsoft Visual Studio Solution File, Format Version 12.00
# Visual Studio Version 17
VisualStudioVersion = 17.2.32630.192
MinimumVisualStudioVersion = 10.0.40219.1
Project("{FAE04EC0-301F-11D3-BF4B-00C04F79EFBC}") = "OnScapeMovieTicketing", "OnScapeMovieTicketing\OnScapeMovieTicketing.csproj", "{B0C31EFA-BFF9-47D4-8D60-2AA071E1130F}"
EndProject
Global
	GlobalSection(SolutionConfigurationPlatforms) = preSolution
		Debug|Any CPU = Debug|Any CPU
		Release|Any CPU = Release|Any CPU
	EndGlobalSection
	GlobalSection(ProjectConfigurationPlatforms) = postSolution
		{B0C31EFA-BFF9-47D4-8D60-2AA071E1130F}.Debug|Any CPU.ActiveCfg = Debug|Any CPU
		{B0C31EFA-BFF9-47D4-8D60-2AA071E1130F}.Debug|Any CPU.Build.0 = Debug|Any CPU
		{B0C31EFA-BFF9-47D4-8D60-2AA071E1130F}.Release|Any CPU.ActiveCfg = Release|Any CPU
		{B0C31EFA-BFF9-47D4-8D60-2AA071E1130F}.Release|Any CPU.Build.0 = Release|Any CPU
	EndGlobalSection
	GlobalSection(SolutionProperties) = preSolution
		HideSolutionNode = FALSE
	EndGlobalSection
	GlobalSection(ExtensibilityGlobals) = postSolution
		SolutionGuid = {D9CB13D0-D3F4-4FED-8A69-C92EAA38ECB8}
	EndGlobalSection
EndGlobal
